
Microsoft Visual Studio Solution File, Format Version 12.00
# Visual Studio 15
VisualStudioVersion = 15.0.27428.2015
MinimumVisualStudioVersion = 10.0.40219.1
Project("{FAE04EC0-301F-11D3-BF4B-00C04F79EFBC}") = "Bootstrap_toDoList_Clemens", "Bootstrap_toDoList_Clemens\Bootstrap_toDoList_Clemens.csproj", "{EBB5F2AD-5F42-4DB8-9159-2A0114AFFBAC}"
EndProject
Global
	GlobalSection(SolutionConfigurationPlatforms) = preSolution
		Debug|Any CPU = Debug|Any CPU
		Release|Any CPU = Release|Any CPU
	EndGlobalSection
	GlobalSection(ProjectConfigurationPlatforms) = postSolution
		{EBB5F2AD-5F42-4DB8-9159-2A0114AFFBAC}.Debug|Any CPU.ActiveCfg = Debug|Any CPU
		{EBB5F2AD-5F42-4DB8-9159-2A0114AFFBAC}.Debug|Any CPU.Build.0 = Debug|Any CPU
		{EBB5F2AD-5F42-4DB8-9159-2A0114AFFBAC}.Release|Any CPU.ActiveCfg = Release|Any CPU
		{EBB5F2AD-5F42-4DB8-9159-2A0114AFFBAC}.Release|Any CPU.Build.0 = Release|Any CPU
	EndGlobalSection
	GlobalSection(SolutionProperties) = preSolution
		HideSolutionNode = FALSE
	EndGlobalSection
	GlobalSection(ExtensibilityGlobals) = postSolution
		SolutionGuid = {F28B6386-6CA3-4E8D-8F47-E55AAA24C344}
	EndGlobalSection
EndGlobal
